{
  "name": "basic-html-template",
  "version": "1.0.0",
  "lockfileVersion": 2,
  "requires": true,
  "packages": {
    "": {
      "name": "basic-html-template",
      "version": "1.0.0",
      "dependencies": {
        "csv-reader": "^1.0.9",
        "mustache": "^4.2.0"
      }
    },
    "node_modules/csv-reader": {
      "version": "1.0.9",
      "resolved": "https://registry.npmjs.org/csv-reader/-/csv-reader-1.0.9.tgz",
      "integrity": "sha512-fILL1fBNkCp6qWUHA7XTTgd3FBuNgCjP6Z3UUte16U90Giy22HuMyce9cQ99JuY+XiextK2tAhjhQNn/a7jK4A==",
      "engines": {
        "node": ">=8.0.0"
      }
    },
    "node_modules/mustache": {
      "version": "4.2.0",
      "resolved": "https://registry.npmjs.org/mustache/-/mustache-4.2.0.tgz",
      "integrity": "sha512-71ippSywq5Yb7/tVYyGbkBggbU8H3u5Rz56fH60jGFgr8uHwxs+aSKeqmluIVzM0m0kB7xQjKS6qPfd0b2ZoqQ==",
      "bin": {
        "mustache": "bin/mustache"
      }
    }
  },
  "dependencies": {
    "csv-reader": {
      "version": "1.0.9",
      "resolved": "https://registry.npmjs.org/csv-reader/-/csv-reader-1.0.9.tgz",
      "integrity": "sha512-fILL1fBNkCp6qWUHA7XTTgd3FBuNgCjP6Z3UUte16U90Giy22HuMyce9cQ99JuY+XiextK2tAhjhQNn/a7jK4A=="
    },
    "mustache": {
      "version": "4.2.0",
      "resolved": "https://registry.npmjs.org/mustache/-/mustache-4.2.0.tgz",
      "integrity": "sha512-71ippSywq5Yb7/tVYyGbkBggbU8H3u5Rz56fH60jGFgr8uHwxs+aSKeqmluIVzM0m0kB7xQjKS6qPfd0b2ZoqQ=="
    }
  }
}
